{
  "name": "docs",
  "lockfileVersion": 3,
  "requires": true,
  "packages": {
    "": {
      "devDependencies": {
        "vitepress": "^1.0.0-alpha.75"
      }
    },
    "node_modules/@algolia/autocomplete-core": {
      "version": "1.8.2",
      "resolved": "https://registry.npmjs.org/@algolia/autocomplete-core/-/autocomplete-core-1.8.2.tgz",
      "integrity": "sha512-mTeshsyFhAqw/ebqNsQpMtbnjr+qVOSKXArEj4K0d7sqc8It1XD0gkASwecm9mF/jlOQ4Z9RNg1HbdA8JPdRwQ==",
      "dev": true,
      "dependencies": {
        "@algolia/autocomplete-shared": "1.8.2"
      }
    },
    "node_modules/@algolia/autocomplete-preset-algolia": {
      "version": "1.8.2",
      "resolved": "https://registry.npmjs.org/@algolia/autocomplete-preset-algolia/-/autocomplete-preset-algolia-1.8.2.tgz",
      "integrity": "sha512-J0oTx4me6ZM9kIKPuL3lyU3aB8DEvpVvR6xWmHVROx5rOYJGQcZsdG4ozxwcOyiiu3qxMkIbzntnV1S1VWD8yA==",
      "dev": true,
      "dependencies": {
        "@algolia/autocomplete-shared": "1.8.2"
      },
      "peerDependencies": {
        "@algolia/client-search": ">= 4.9.1 < 6",
        "algoliasearch": ">= 4.9.1 < 6"
      }
    },
    "node_modules/@algolia/autocomplete-shared": {
      "version": "1.8.2",
      "resolved": "https://registry.npmjs.org/@algolia/autocomplete-shared/-/autocomplete-shared-1.8.2.tgz",
      "integrity": "sha512-b6Z/X4MczChMcfhk6kfRmBzPgjoPzuS9KGR4AFsiLulLNRAAqhP+xZTKtMnZGhLuc61I20d5WqlId02AZvcO6g==",
      "dev": true
    },
    "node_modules/@algolia/cache-browser-local-storage": {
      "version": "4.17.0",
      "resolved": "https://registry.npmjs.org/@algolia/cache-browser-local-storage/-/cache-browser-local-storage-4.17.0.tgz",
      "integrity": "sha512-myRSRZDIMYB8uCkO+lb40YKiYHi0fjpWRtJpR/dgkaiBlSD0plRyB6lLOh1XIfmMcSeBOqDE7y9m8xZMrXYfyQ==",
      "dev": true,
      "dependencies": {
        "@algolia/cache-common": "4.17.0"
      }
    },
    "node_modules/@algolia/cache-common": {
      "version": "4.17.0",
      "resolved": "https://registry.npmjs.org/@algolia/cache-common/-/cache-common-4.17.0.tgz",
      "integrity": "sha512-g8mXzkrcUBIPZaulAuqE7xyHhLAYAcF2xSch7d9dABheybaU3U91LjBX6eJTEB7XVhEsgK4Smi27vWtAJRhIKQ==",
      "dev": true
    },
    "node_modules/@algolia/cache-in-memory": {
      "version": "4.17.0",
      "resolved": "https://registry.npmjs.org/@algolia/cache-in-memory/-/cache-in-memory-4.17.0.tgz",
      "integrity": "sha512-PT32ciC/xI8z919d0oknWVu3kMfTlhQn3MKxDln3pkn+yA7F7xrxSALysxquv+MhFfNAcrtQ/oVvQVBAQSHtdw==",
      "dev": true,
      "dependencies": {
        "@algolia/cache-common": "4.17.0"
      }
    },
    "node_modules/@algolia/client-account": {
      "version": "4.17.0",
      "resolved": "https://registry.npmjs.org/@algolia/client-account/-/client-account-4.17.0.tgz",
      "integrity": "sha512-sSEHx9GA6m7wrlsSMNBGfyzlIfDT2fkz2u7jqfCCd6JEEwmxt8emGmxAU/0qBfbhRSuGvzojoLJlr83BSZAKjA==",
      "dev": true,
      "dependencies": {
        "@algolia/client-common": "4.17.0",
        "@algolia/client-search": "4.17.0",
        "@algolia/transporter": "4.17.0"
      }
    },
    "node_modules/@algolia/client-analytics": {
      "version": "4.17.0",
      "resolved": "https://registry.npmjs.org/@algolia/client-analytics/-/client-analytics-4.17.0.tgz",
      "integrity": "sha512-84ooP8QA3mQ958hQ9wozk7hFUbAO+81CX1CjAuerxBqjKIInh1fOhXKTaku05O/GHBvcfExpPLIQuSuLYziBXQ==",
      "dev": true,
      "dependencies": {
        "@algolia/client-common": "4.17.0",
        "@algolia/client-search": "4.17.0",
        "@algolia/requester-common": "4.17.0",
        "@algolia/transporter": "4.17.0"
      }
    },
    "node_modules/@algolia/client-common": {
      "version": "4.17.0",
      "resolved": "https://registry.npmjs.org/@algolia/client-common/-/client-common-4.17.0.tgz",
      "integrity": "sha512-jHMks0ZFicf8nRDn6ma8DNNsdwGgP/NKiAAL9z6rS7CymJ7L0+QqTJl3rYxRW7TmBhsUH40wqzmrG6aMIN/DrQ==",
      "dev": true,
      "dependencies": {
        "@algolia/requester-common": "4.17.0",
        "@algolia/transporter": "4.17.0"
      }
    },
    "node_modules/@algolia/client-personalization": {
      "version": "4.17.0",
      "resolved": "https://registry.npmjs.org/@algolia/client-personalization/-/client-personalization-4.17.0.tgz",
      "integrity": "sha512-RMzN4dZLIta1YuwT7QC9o+OeGz2cU6eTOlGNE/6RcUBLOU3l9tkCOdln5dPE2jp8GZXPl2yk54b2nSs1+pAjqw==",
      "dev": true,
      "dependencies": {
        "@algolia/client-common": "4.17.0",
        "@algolia/requester-common": "4.17.0",
        "@algolia/transporter": "4.17.0"
      }
    },
    "node_modules/@algolia/client-search": {
      "version": "4.17.0",
      "resolved": "https://registry.npmjs.org/@algolia/client-search/-/client-search-4.17.0.tgz",
      "integrity": "sha512-x4P2wKrrRIXszT8gb7eWsMHNNHAJs0wE7/uqbufm4tZenAp+hwU/hq5KVsY50v+PfwM0LcDwwn/1DroujsTFoA==",
      "dev": true,
      "dependencies": {
        "@algolia/client-common": "4.17.0",
        "@algolia/requester-common": "4.17.0",
        "@algolia/transporter": "4.17.0"
      }
    },
    "node_modules/@algolia/logger-common": {
      "version": "4.17.0",
      "resolved": "https://registry.npmjs.org/@algolia/logger-common/-/logger-common-4.17.0.tgz",
      "integrity": "sha512-DGuoZqpTmIKJFDeyAJ7M8E/LOenIjWiOsg1XJ1OqAU/eofp49JfqXxbfgctlVZVmDABIyOz8LqEoJ6ZP4DTyvw==",
      "dev": true
    },
    "node_modules/@algolia/logger-console": {
      "version": "4.17.0",
      "resolved": "https://registry.npmjs.org/@algolia/logger-console/-/logger-console-4.17.0.tgz",
      "integrity": "sha512-zMPvugQV/gbXUvWBCzihw6m7oxIKp48w37QBIUu/XqQQfxhjoOE9xyfJr1KldUt5FrYOKZJVsJaEjTsu+bIgQg==",
      "dev": true,
      "dependencies": {
        "@algolia/logger-common": "4.17.0"
      }
    },
    "node_modules/@algolia/requester-browser-xhr": {
      "version": "4.17.0",
      "resolved": "https://registry.npmjs.org/@algolia/requester-browser-xhr/-/requester-browser-xhr-4.17.0.tgz",
      "integrity": "sha512-aSOX/smauyTkP21Pf52pJ1O2LmNFJ5iHRIzEeTh0mwBeADO4GdG94cAWDILFA9rNblq/nK3EDh3+UyHHjplZ1A==",
      "dev": true,
      "dependencies": {
        "@algolia/requester-common": "4.17.0"
      }
    },
    "node_modules/@algolia/requester-common": {
      "version": "4.17.0",
      "resolved": "https://registry.npmjs.org/@algolia/requester-common/-/requester-common-4.17.0.tgz",
      "integrity": "sha512-XJjmWFEUlHu0ijvcHBoixuXfEoiRUdyzQM6YwTuB8usJNIgShua8ouFlRWF8iCeag0vZZiUm4S2WCVBPkdxFgg==",
      "dev": true
    },
    "node_modules/@algolia/requester-node-http": {
      "version": "4.17.0",
      "resolved": "https://registry.npmjs.org/@algolia/requester-node-http/-/requester-node-http-4.17.0.tgz",
      "integrity": "sha512-bpb/wDA1aC6WxxM8v7TsFspB7yBN3nqCGs2H1OADolQR/hiAIjAxusbuMxVbRFOdaUvAIqioIIkWvZdpYNIn8w==",
      "dev": true,
      "dependencies": {
        "@algolia/requester-common": "4.17.0"
      }
    },
    "node_modules/@algolia/transporter": {
      "version": "4.17.0",
      "resolved": "https://registry.npmjs.org/@algolia/transporter/-/transporter-4.17.0.tgz",
      "integrity": "sha512-6xL6H6fe+Fi0AEP3ziSgC+G04RK37iRb4uUUqVAH9WPYFI8g+LYFq6iv5HS8Cbuc5TTut+Bwj6G+dh/asdb9uA==",
      "dev": true,
      "dependencies": {
        "@algolia/cache-common": "4.17.0",
        "@algolia/logger-common": "4.17.0",
        "@algolia/requester-common": "4.17.0"
      }
    },
    "node_modules/@babel/parser": {
      "version": "7.21.8",
      "resolved": "https://registry.npmjs.org/@babel/parser/-/parser-7.21.8.tgz",
      "integrity": "sha512-6zavDGdzG3gUqAdWvlLFfk+36RilI+Pwyuuh7HItyeScCWP3k6i8vKclAQ0bM/0y/Kz/xiwvxhMv9MgTJP5gmA==",
      "dev": true,
      "bin": {
        "parser": "bin/babel-parser.js"
      },
      "engines": {
        "node": ">=6.0.0"
      }
    },
    "node_modules/@docsearch/css": {
      "version": "3.3.4",
      "resolved": "https://registry.npmjs.org/@docsearch/css/-/css-3.3.4.tgz",
      "integrity": "sha512-vDwCDoVXDgopw/hvr0zEADew2wWaGP8Qq0Bxhgii1Ewz2t4fQeyJwIRN/mWADeLFYPVkpz8TpEbxya/i6Tm0WA==",
      "dev": true
    },
    "node_modules/@docsearch/js": {
      "version": "3.3.4",
      "resolved": "https://registry.npmjs.org/@docsearch/js/-/js-3.3.4.tgz",
      "integrity": "sha512-Xd2saBziXJ1UuVpcDz94zAFEFAM6ap993agh0za2e3LDZLhaW993b1f9gyUL4e1CZLsR076tztG2un2gVncvpA==",
      "dev": true,
      "dependencies": {
        "@docsearch/react": "3.3.4",
        "preact": "^10.0.0"
      }
    },
    "node_modules/@docsearch/react": {
      "version": "3.3.4",
      "resolved": "https://registry.npmjs.org/@docsearch/react/-/react-3.3.4.tgz",
      "integrity": "sha512-aeOf1WC5zMzBEi2SI6WWznOmIo9rnpN4p7a3zHXxowVciqlI4HsZGtOR9nFOufLeolv7HibwLlaM0oyUqJxasw==",
      "dev": true,
      "dependencies": {
        "@algolia/autocomplete-core": "1.8.2",
        "@algolia/autocomplete-preset-algolia": "1.8.2",
        "@docsearch/css": "3.3.4",
        "algoliasearch": "^4.0.0"
      },
      "peerDependencies": {
        "@types/react": ">= 16.8.0 < 19.0.0",
        "react": ">= 16.8.0 < 19.0.0",
        "react-dom": ">= 16.8.0 < 19.0.0"
      },
      "peerDependenciesMeta": {
        "@types/react": {
          "optional": true
        },
        "react": {
          "optional": true
        },
        "react-dom": {
          "optional": true
        }
      }
    },
    "node_modules/@esbuild/android-arm": {
      "version": "0.17.18",
      "resolved": "https://registry.npmjs.org/@esbuild/android-arm/-/android-arm-0.17.18.tgz",
      "integrity": "sha512-EmwL+vUBZJ7mhFCs5lA4ZimpUH3WMAoqvOIYhVQwdIgSpHC8ImHdsRyhHAVxpDYUSm0lWvd63z0XH1IlImS2Qw==",
      "cpu": [
        "arm"
      ],
      "dev": true,
      "optional": true,
      "os": [
        "android"
      ],
      "engines": {
        "node": ">=12"
      }
    },
    "node_modules/@esbuild/android-arm64": {
      "version": "0.17.18",
      "resolved": "https://registry.npmjs.org/@esbuild/android-arm64/-/android-arm64-0.17.18.tgz",
      "integrity": "sha512-/iq0aK0eeHgSC3z55ucMAHO05OIqmQehiGay8eP5l/5l+iEr4EIbh4/MI8xD9qRFjqzgkc0JkX0LculNC9mXBw==",
      "cpu": [
        "arm64"
      ],
      "dev": true,
      "optional": true,
      "os": [
        "android"
      ],
      "engines": {
        "node": ">=12"
      }
    },
    "node_modules/@esbuild/android-x64": {
      "version": "0.17.18",
      "resolved": "https://registry.npmjs.org/@esbuild/android-x64/-/android-x64-0.17.18.tgz",
      "integrity": "sha512-x+0efYNBF3NPW2Xc5bFOSFW7tTXdAcpfEg2nXmxegm4mJuVeS+i109m/7HMiOQ6M12aVGGFlqJX3RhNdYM2lWg==",
      "cpu": [
        "x64"
      ],
      "dev": true,
      "optional": true,
      "os": [
        "android"
      ],
      "engines": {
        "node": ">=12"
      }
    },
    "node_modules/@esbuild/darwin-arm64": {
      "version": "0.17.18",
      "resolved": "https://registry.npmjs.org/@esbuild/darwin-arm64/-/darwin-arm64-0.17.18.tgz",
      "integrity": "sha512-6tY+djEAdF48M1ONWnQb1C+6LiXrKjmqjzPNPWXhu/GzOHTHX2nh8Mo2ZAmBFg0kIodHhciEgUBtcYCAIjGbjQ==",
      "cpu": [
        "arm64"
      ],
      "dev": true,
      "optional": true,
      "os": [
        "darwin"
      ],
      "engines": {
        "node": ">=12"
      }
    },
    "node_modules/@esbuild/darwin-x64": {
      "version": "0.17.18",
      "resolved": "https://registry.npmjs.org/@esbuild/darwin-x64/-/darwin-x64-0.17.18.tgz",
      "integrity": "sha512-Qq84ykvLvya3dO49wVC9FFCNUfSrQJLbxhoQk/TE1r6MjHo3sFF2tlJCwMjhkBVq3/ahUisj7+EpRSz0/+8+9A==",
      "cpu": [
        "x64"
      ],
      "dev": true,
      "optional": true,
      "os": [
        "darwin"
      ],
      "engines": {
        "node": ">=12"
      }
    },
    "node_modules/@esbuild/freebsd-arm64": {
      "version": "0.17.18",
      "resolved": "https://registry.npmjs.org/@esbuild/freebsd-arm64/-/freebsd-arm64-0.17.18.tgz",
      "integrity": "sha512-fw/ZfxfAzuHfaQeMDhbzxp9mc+mHn1Y94VDHFHjGvt2Uxl10mT4CDavHm+/L9KG441t1QdABqkVYwakMUeyLRA==",
      "cpu": [
        "arm64"
      ],
      "dev": true,
      "optional": true,
      "os": [
        "freebsd"
      ],
      "engines": {
        "node": ">=12"
      }
    },
    "node_modules/@esbuild/freebsd-x64": {
      "version": "0.17.18",
      "resolved": "https://registry.npmjs.org/@esbuild/freebsd-x64/-/freebsd-x64-0.17.18.tgz",
      "integrity": "sha512-FQFbRtTaEi8ZBi/A6kxOC0V0E9B/97vPdYjY9NdawyLd4Qk5VD5g2pbWN2VR1c0xhzcJm74HWpObPszWC+qTew==",
      "cpu": [
        "x64"
      ],
      "dev": true,
      "optional": true,
      "os": [
        "freebsd"
      ],
      "engines": {
        "node": ">=12"
      }
    },
    "node_modules/@esbuild/linux-arm": {
      "version": "0.17.18",
      "resolved": "https://registry.npmjs.org/@esbuild/linux-arm/-/linux-arm-0.17.18.tgz",
      "integrity": "sha512-jW+UCM40LzHcouIaqv3e/oRs0JM76JfhHjCavPxMUti7VAPh8CaGSlS7cmyrdpzSk7A+8f0hiedHqr/LMnfijg==",
      "cpu": [
        "arm"
      ],
      "dev": true,
      "optional": true,
      "os": [
        "linux"
      ],
      "engines": {
        "node": ">=12"
      }
    },
    "node_modules/@esbuild/linux-arm64": {
      "version": "0.17.18",
      "resolved": "https://registry.npmjs.org/@esbuild/linux-arm64/-/linux-arm64-0.17.18.tgz",
      "integrity": "sha512-R7pZvQZFOY2sxUG8P6A21eq6q+eBv7JPQYIybHVf1XkQYC+lT7nDBdC7wWKTrbvMXKRaGudp/dzZCwL/863mZQ==",
      "cpu": [
        "arm64"
      ],
      "dev": true,
      "optional": true,
      "os": [
        "linux"
      ],
      "engines": {
        "node": ">=12"
      }
    },
    "node_modules/@esbuild/linux-ia32": {
      "version": "0.17.18",
      "resolved": "https://registry.npmjs.org/@esbuild/linux-ia32/-/linux-ia32-0.17.18.tgz",
      "integrity": "sha512-ygIMc3I7wxgXIxk6j3V00VlABIjq260i967Cp9BNAk5pOOpIXmd1RFQJQX9Io7KRsthDrQYrtcx7QCof4o3ZoQ==",
      "cpu": [
        "ia32"
      ],
      "dev": true,
      "optional": true,
      "os": [
        "linux"
      ],
      "engines": {
        "node": ">=12"
      }
    },
    "node_modules/@esbuild/linux-loong64": {
      "version": "0.17.18",
      "resolved": "https://registry.npmjs.org/@esbuild/linux-loong64/-/linux-loong64-0.17.18.tgz",
      "integrity": "sha512-bvPG+MyFs5ZlwYclCG1D744oHk1Pv7j8psF5TfYx7otCVmcJsEXgFEhQkbhNW8otDHL1a2KDINW20cfCgnzgMQ==",
      "cpu": [
        "loong64"
      ],
      "dev": true,
      "optional": true,
      "os": [
        "linux"
      ],
      "engines": {
        "node": ">=12"
      }
    },
    "node_modules/@esbuild/linux-mips64el": {
      "version": "0.17.18",
      "resolved": "https://registry.npmjs.org/@esbuild/linux-mips64el/-/linux-mips64el-0.17.18.tgz",
      "integrity": "sha512-oVqckATOAGuiUOa6wr8TXaVPSa+6IwVJrGidmNZS1cZVx0HqkTMkqFGD2HIx9H1RvOwFeWYdaYbdY6B89KUMxA==",
      "cpu": [
        "mips64el"
      ],
      "dev": true,
      "optional": true,
      "os": [
        "linux"
      ],
      "engines": {
        "node": ">=12"
      }
    },
    "node_modules/@esbuild/linux-ppc64": {
      "version": "0.17.18",
      "resolved": "https://registry.npmjs.org/@esbuild/linux-ppc64/-/linux-ppc64-0.17.18.tgz",
      "integrity": "sha512-3dLlQO+b/LnQNxgH4l9rqa2/IwRJVN9u/bK63FhOPB4xqiRqlQAU0qDU3JJuf0BmaH0yytTBdoSBHrb2jqc5qQ==",
      "cpu": [
        "ppc64"
      ],
      "dev": true,
      "optional": true,
      "os": [
        "linux"
      ],
      "engines": {
        "node": ">=12"
      }
    },
    "node_modules/@esbuild/linux-riscv64": {
      "version": "0.17.18",
      "resolved": "https://registry.npmjs.org/@esbuild/linux-riscv64/-/linux-riscv64-0.17.18.tgz",
      "integrity": "sha512-/x7leOyDPjZV3TcsdfrSI107zItVnsX1q2nho7hbbQoKnmoeUWjs+08rKKt4AUXju7+3aRZSsKrJtaRmsdL1xA==",
      "cpu": [
        "riscv64"
      ],
      "dev": true,
      "optional": true,
      "os": [
        "linux"
      ],
      "engines": {
        "node": ">=12"
      }
    },
    "node_modules/@esbuild/linux-s390x": {
      "version": "0.17.18",
      "resolved": "https://registry.npmjs.org/@esbuild/linux-s390x/-/linux-s390x-0.17.18.tgz",
      "integrity": "sha512-cX0I8Q9xQkL/6F5zWdYmVf5JSQt+ZfZD2bJudZrWD+4mnUvoZ3TDDXtDX2mUaq6upMFv9FlfIh4Gfun0tbGzuw==",
      "cpu": [
        "s390x"
      ],
      "dev": true,
      "optional": true,
      "os": [
        "linux"
      ],
      "engines": {
        "node": ">=12"
      }
    },
    "node_modules/@esbuild/linux-x64": {
      "version": "0.17.18",
      "resolved": "https://registry.npmjs.org/@esbuild/linux-x64/-/linux-x64-0.17.18.tgz",
      "integrity": "sha512-66RmRsPlYy4jFl0vG80GcNRdirx4nVWAzJmXkevgphP1qf4dsLQCpSKGM3DUQCojwU1hnepI63gNZdrr02wHUA==",
      "cpu": [
        "x64"
      ],
      "dev": true,
      "optional": true,
      "os": [
        "linux"
      ],
      "engines": {
        "node": ">=12"
      }
    },
    "node_modules/@esbuild/netbsd-x64": {
      "version": "0.17.18",
      "resolved": "https://registry.npmjs.org/@esbuild/netbsd-x64/-/netbsd-x64-0.17.18.tgz",
      "integrity": "sha512-95IRY7mI2yrkLlTLb1gpDxdC5WLC5mZDi+kA9dmM5XAGxCME0F8i4bYH4jZreaJ6lIZ0B8hTrweqG1fUyW7jbg==",
      "cpu": [
        "x64"
      ],
      "dev": true,
      "optional": true,
      "os": [
        "netbsd"
      ],
      "engines": {
        "node": ">=12"
      }
    },
    "node_modules/@esbuild/openbsd-x64": {
      "version": "0.17.18",
      "resolved": "https://registry.npmjs.org/@esbuild/openbsd-x64/-/openbsd-x64-0.17.18.tgz",
      "integrity": "sha512-WevVOgcng+8hSZ4Q3BKL3n1xTv5H6Nb53cBrtzzEjDbbnOmucEVcZeGCsCOi9bAOcDYEeBZbD2SJNBxlfP3qiA==",
      "cpu": [
        "x64"
      ],
      "dev": true,
      "optional": true,
      "os": [
        "openbsd"
      ],
      "engines": {
        "node": ">=12"
      }
    },
    "node_modules/@esbuild/sunos-x64": {
      "version": "0.17.18",
      "resolved": "https://registry.npmjs.org/@esbuild/sunos-x64/-/sunos-x64-0.17.18.tgz",
      "integrity": "sha512-Rzf4QfQagnwhQXVBS3BYUlxmEbcV7MY+BH5vfDZekU5eYpcffHSyjU8T0xucKVuOcdCsMo+Ur5wmgQJH2GfNrg==",
      "cpu": [
        "x64"
      ],
      "dev": true,
      "optional": true,
      "os": [
        "sunos"
      ],
      "engines": {
        "node": ">=12"
      }
    },
    "node_modules/@esbuild/win32-arm64": {
      "version": "0.17.18",
      "resolved": "https://registry.npmjs.org/@esbuild/win32-arm64/-/win32-arm64-0.17.18.tgz",
      "integrity": "sha512-Kb3Ko/KKaWhjeAm2YoT/cNZaHaD1Yk/pa3FTsmqo9uFh1D1Rfco7BBLIPdDOozrObj2sahslFuAQGvWbgWldAg==",
      "cpu": [
        "arm64"
      ],
      "dev": true,
      "optional": true,
      "os": [
        "win32"
      ],
      "engines": {
        "node": ">=12"
      }
    },
    "node_modules/@esbuild/win32-ia32": {
      "version": "0.17.18",
      "resolved": "https://registry.npmjs.org/@esbuild/win32-ia32/-/win32-ia32-0.17.18.tgz",
      "integrity": "sha512-0/xUMIdkVHwkvxfbd5+lfG7mHOf2FRrxNbPiKWg9C4fFrB8H0guClmaM3BFiRUYrznVoyxTIyC/Ou2B7QQSwmw==",
      "cpu": [
        "ia32"
      ],
      "dev": true,
      "optional": true,
      "os": [
        "win32"
      ],
      "engines": {
        "node": ">=12"
      }
    },
    "node_modules/@esbuild/win32-x64": {
      "version": "0.17.18",
      "resolved": "https://registry.npmjs.org/@esbuild/win32-x64/-/win32-x64-0.17.18.tgz",
      "integrity": "sha512-qU25Ma1I3NqTSHJUOKi9sAH1/Mzuvlke0ioMJRthLXKm7JiSKVwFghlGbDLOO2sARECGhja4xYfRAZNPAkooYg==",
      "cpu": [
        "x64"
      ],
      "dev": true,
      "optional": true,
      "os": [
        "win32"
      ],
      "engines": {
        "node": ">=12"
      }
    },
    "node_modules/@jridgewell/sourcemap-codec": {
      "version": "1.4.15",
      "resolved": "https://registry.npmjs.org/@jridgewell/sourcemap-codec/-/sourcemap-codec-1.4.15.tgz",
      "integrity": "sha512-eF2rxCRulEKXHTRiDrDy6erMYWqNw4LPdQ8UQA4huuxaQsVeRPFl2oM8oDGxMFhJUWZf9McpLtJasDDZb/Bpeg==",
      "dev": true
    },
    "node_modules/@types/web-bluetooth": {
      "version": "0.0.17",
      "resolved": "https://registry.npmjs.org/@types/web-bluetooth/-/web-bluetooth-0.0.17.tgz",
      "integrity": "sha512-4p9vcSmxAayx72yn70joFoL44c9MO/0+iVEBIQXe3v2h2SiAsEIo/G5v6ObFWvNKRFjbrVadNf9LqEEZeQPzdA==",
      "dev": true
    },
    "node_modules/@vitejs/plugin-vue": {
      "version": "4.2.2",
      "resolved": "https://registry.npmjs.org/@vitejs/plugin-vue/-/plugin-vue-4.2.2.tgz",
      "integrity": "sha512-kNH4wMAqs13UiZe/2If1ioO0Mjz71rr2oALTl2c5ajBIox9Vz/UGW/wGkr7GA3SC6Eb29c1HtzAtxdGfbXAkfQ==",
      "dev": true,
      "engines": {
        "node": "^14.18.0 || >=16.0.0"
      },
      "peerDependencies": {
        "vite": "^4.0.0",
        "vue": "^3.2.25"
      }
    },
    "node_modules/@vue/compiler-core": {
      "version": "3.3.1",
      "resolved": "https://registry.npmjs.org/@vue/compiler-core/-/compiler-core-3.3.1.tgz",
      "integrity": "sha512-5le1qYSBgLWg2jdLrbydlhnPJkkzMw46UrRUvTnOKlfg6pThtm9ohhqBhNPHbr0RcM1MCbK5WZe/3Ghz0SZjpQ==",
      "dev": true,
      "dependencies": {
        "@babel/parser": "^7.21.3",
        "@vue/shared": "3.3.1",
        "estree-walker": "^2.0.2",
        "source-map-js": "^1.0.2"
      }
    },
    "node_modules/@vue/compiler-dom": {
      "version": "3.3.1",
      "resolved": "https://registry.npmjs.org/@vue/compiler-dom/-/compiler-dom-3.3.1.tgz",
      "integrity": "sha512-VmgIsoLivCft3+oNc5KM7b9wd0nZxP/g2qilMwi1hJyGA624KWnNKHn4hzBQs4FpzydUVpNy+TWVT8KiRCh3MQ==",
      "dev": true,
      "dependencies": {
        "@vue/compiler-core": "3.3.1",
        "@vue/shared": "3.3.1"
      }
    },
    "node_modules/@vue/compiler-sfc": {
      "version": "3.3.1",
      "resolved": "https://registry.npmjs.org/@vue/compiler-sfc/-/compiler-sfc-3.3.1.tgz",
      "integrity": "sha512-G+FPwBbXSLaA4+Ry5/bdD9Oda+sRslQcE9o6JSZaougRiT4OjVL0vtkbQHPrGRTULZV28OcrAjRfSZOSB0OTXQ==",
      "dev": true,
      "dependencies": {
        "@babel/parser": "^7.20.15",
        "@vue/compiler-core": "3.3.1",
        "@vue/compiler-dom": "3.3.1",
        "@vue/compiler-ssr": "3.3.1",
        "@vue/reactivity-transform": "3.3.1",
        "@vue/shared": "3.3.1",
        "estree-walker": "^2.0.2",
        "magic-string": "^0.30.0",
        "postcss": "^8.1.10",
        "source-map-js": "^1.0.2"
      }
    },
    "node_modules/@vue/compiler-ssr": {
      "version": "3.3.1",
      "resolved": "https://registry.npmjs.org/@vue/compiler-ssr/-/compiler-ssr-3.3.1.tgz",
      "integrity": "sha512-QOQWGNCWuSeyKx4KvWSJlnIMGg+/2oCHgkFUYo7aJ+9Uaaz45yRgKQ+FNigy50NYBQIhpXn2e4OSR8GXh4knrQ==",
      "dev": true,
      "dependencies": {
        "@vue/compiler-dom": "3.3.1",
        "@vue/shared": "3.3.1"
      }
    },
    "node_modules/@vue/devtools-api": {
      "version": "6.5.0",
      "resolved": "https://registry.npmjs.org/@vue/devtools-api/-/devtools-api-6.5.0.tgz",
      "integrity": "sha512-o9KfBeaBmCKl10usN4crU53fYtC1r7jJwdGKjPT24t348rHxgfpZ0xL3Xm/gLUYnc0oTp8LAmrxOeLyu6tbk2Q==",
      "dev": true
    },
    "node_modules/@vue/reactivity": {
      "version": "3.3.1",
      "resolved": "https://registry.npmjs.org/@vue/reactivity/-/reactivity-3.3.1.tgz",
      "integrity": "sha512-zCfmazOtyUdC1NS/EPiSYJ4RqojqmTAviJyBbyVvY8zAv5NhK44Yfw0E1tt+m5vz0ZO1ptI9jDKBr3MWIEkpgw==",
      "dev": true,
      "dependencies": {
        "@vue/shared": "3.3.1"
      }
    },
    "node_modules/@vue/reactivity-transform": {
      "version": "3.3.1",
      "resolved": "https://registry.npmjs.org/@vue/reactivity-transform/-/reactivity-transform-3.3.1.tgz",
      "integrity": "sha512-MkOrJauAGH4MNdxGW/PmrDegMyOGX0wGIdKUZJRBXOTpotDONg7/TPJe2QeGeBCow/5v9iOqZOWCfvmOWIaDMg==",
      "dev": true,
      "dependencies": {
        "@babel/parser": "^7.20.15",
        "@vue/compiler-core": "3.3.1",
        "@vue/shared": "3.3.1",
        "estree-walker": "^2.0.2",
        "magic-string": "^0.30.0"
      }
    },
    "node_modules/@vue/runtime-core": {
      "version": "3.3.1",
      "resolved": "https://registry.npmjs.org/@vue/runtime-core/-/runtime-core-3.3.1.tgz",
      "integrity": "sha512-Ljb37LYafhQqKIasc0r32Cva8gIh6VeSMjlwO6V03tCjHd18gmjP0F4UD+8/a59sGTysAgA8Rb9lIC2DVxRz2Q==",
      "dev": true,
      "dependencies": {
        "@vue/reactivity": "3.3.1",
        "@vue/shared": "3.3.1"
      }
    },
    "node_modules/@vue/runtime-dom": {
      "version": "3.3.1",
      "resolved": "https://registry.npmjs.org/@vue/runtime-dom/-/runtime-dom-3.3.1.tgz",
      "integrity": "sha512-NBjYbQPtMklb7lsJsM2Juv5Ygry6mvZP7PdH1GZqrzfLkvlplQT3qCtQMd/sib6yiy8t9m/Y4hVU7X9nzb9Oeg==",
      "dev": true,
      "dependencies": {
        "@vue/runtime-core": "3.3.1",
        "@vue/shared": "3.3.1",
        "csstype": "^3.1.1"
      }
    },
    "node_modules/@vue/server-renderer": {
      "version": "3.3.1",
      "resolved": "https://registry.npmjs.org/@vue/server-renderer/-/server-renderer-3.3.1.tgz",
      "integrity": "sha512-sod8ggOwbkQXw3lBjfzrbdxRS9lw/lNHoMaXghHawNYowf+4WoaLWD5ouz6fPZadUqNKAsqK95p8DYb1vcVfPA==",
      "dev": true,
      "dependencies": {
        "@vue/compiler-ssr": "3.3.1",
        "@vue/shared": "3.3.1"
      },
      "peerDependencies": {
        "vue": "3.3.1"
      }
    },
    "node_modules/@vue/shared": {
      "version": "3.3.1",
      "resolved": "https://registry.npmjs.org/@vue/shared/-/shared-3.3.1.tgz",
      "integrity": "sha512-ybDBtQ+479HL/bkeIOIAwgpeAEACzztkvulJLbK3JMFuTOv4qDivmV3AIsR8RHYJ+RD9tQxcHWBsX4GqEcYrfw==",
      "dev": true
    },
    "node_modules/@vueuse/core": {
      "version": "10.1.2",
      "resolved": "https://registry.npmjs.org/@vueuse/core/-/core-10.1.2.tgz",
      "integrity": "sha512-roNn8WuerI56A5uiTyF/TEYX0Y+VKlhZAF94unUfdhbDUI+NfwQMn4FUnUscIRUhv3344qvAghopU4bzLPNFlA==",
      "dev": true,
      "dependencies": {
        "@types/web-bluetooth": "^0.0.17",
        "@vueuse/metadata": "10.1.2",
        "@vueuse/shared": "10.1.2",
        "vue-demi": ">=0.14.0"
      },
      "funding": {
        "url": "https://github.com/sponsors/antfu"
      }
    },
    "node_modules/@vueuse/core/node_modules/vue-demi": {
      "version": "0.14.1",
      "resolved": "https://registry.npmjs.org/vue-demi/-/vue-demi-0.14.1.tgz",
      "integrity": "sha512-rt+yuCtXvscYot9SQQj3WKZJVSriPNqVkpVBNEHPzSgBv7QIYzsS410VqVgvx8f9AAPgjg+XPKvmV3vOqqkJQQ==",
      "dev": true,
      "hasInstallScript": true,
      "bin": {
        "vue-demi-fix": "bin/vue-demi-fix.js",
        "vue-demi-switch": "bin/vue-demi-switch.js"
      },
      "engines": {
        "node": ">=12"
      },
      "funding": {
        "url": "https://github.com/sponsors/antfu"
      },
      "peerDependencies": {
        "@vue/composition-api": "^1.0.0-rc.1",
        "vue": "^3.0.0-0 || ^2.6.0"
      },
      "peerDependenciesMeta": {
        "@vue/composition-api": {
          "optional": true
        }
      }
    },
    "node_modules/@vueuse/metadata": {
      "version": "10.1.2",
      "resolved": "https://registry.npmjs.org/@vueuse/metadata/-/metadata-10.1.2.tgz",
      "integrity": "sha512-3mc5BqN9aU2SqBeBuWE7ne4OtXHoHKggNgxZR2K+zIW4YLsy6xoZ4/9vErQs6tvoKDX6QAqm3lvsrv0mczAwIQ==",
      "dev": true,
      "funding": {
        "url": "https://github.com/sponsors/antfu"
      }
    },
    "node_modules/@vueuse/shared": {
      "version": "10.1.2",
      "resolved": "https://registry.npmjs.org/@vueuse/shared/-/shared-10.1.2.tgz",
      "integrity": "sha512-1uoUTPBlgyscK9v6ScGeVYDDzlPSFXBlxuK7SfrDGyUTBiznb3mNceqhwvZHjtDRELZEN79V5uWPTF1VDV8svA==",
      "dev": true,
      "dependencies": {
        "vue-demi": ">=0.14.0"
      },
      "funding": {
        "url": "https://github.com/sponsors/antfu"
      }
    },
    "node_modules/@vueuse/shared/node_modules/vue-demi": {
      "version": "0.14.1",
      "resolved": "https://registry.npmjs.org/vue-demi/-/vue-demi-0.14.1.tgz",
      "integrity": "sha512-rt+yuCtXvscYot9SQQj3WKZJVSriPNqVkpVBNEHPzSgBv7QIYzsS410VqVgvx8f9AAPgjg+XPKvmV3vOqqkJQQ==",
      "dev": true,
      "hasInstallScript": true,
      "bin": {
        "vue-demi-fix": "bin/vue-demi-fix.js",
        "vue-demi-switch": "bin/vue-demi-switch.js"
      },
      "engines": {
        "node": ">=12"
      },
      "funding": {
        "url": "https://github.com/sponsors/antfu"
      },
      "peerDependencies": {
        "@vue/composition-api": "^1.0.0-rc.1",
        "vue": "^3.0.0-0 || ^2.6.0"
      },
      "peerDependenciesMeta": {
        "@vue/composition-api": {
          "optional": true
        }
      }
    },
    "node_modules/algoliasearch": {
      "version": "4.17.0",
      "resolved": "https://registry.npmjs.org/algoliasearch/-/algoliasearch-4.17.0.tgz",
      "integrity": "sha512-JMRh2Mw6sEnVMiz6+APsi7lx9a2jiDFF+WUtANaUVCv6uSU9UOLdo5h9K3pdP6frRRybaM2fX8b1u0nqICS9aA==",
      "dev": true,
      "dependencies": {
        "@algolia/cache-browser-local-storage": "4.17.0",
        "@algolia/cache-common": "4.17.0",
        "@algolia/cache-in-memory": "4.17.0",
        "@algolia/client-account": "4.17.0",
        "@algolia/client-analytics": "4.17.0",
        "@algolia/client-common": "4.17.0",
        "@algolia/client-personalization": "4.17.0",
        "@algolia/client-search": "4.17.0",
        "@algolia/logger-common": "4.17.0",
        "@algolia/logger-console": "4.17.0",
        "@algolia/requester-browser-xhr": "4.17.0",
        "@algolia/requester-common": "4.17.0",
        "@algolia/requester-node-http": "4.17.0",
        "@algolia/transporter": "4.17.0"
      }
    },
    "node_modules/ansi-sequence-parser": {
      "version": "1.1.0",
      "resolved": "https://registry.npmjs.org/ansi-sequence-parser/-/ansi-sequence-parser-1.1.0.tgz",
      "integrity": "sha512-lEm8mt52to2fT8GhciPCGeCXACSz2UwIN4X2e2LJSnZ5uAbn2/dsYdOmUXq0AtWS5cpAupysIneExOgH0Vd2TQ==",
      "dev": true
    },
    "node_modules/body-scroll-lock": {
      "version": "4.0.0-beta.0",
      "resolved": "https://registry.npmjs.org/body-scroll-lock/-/body-scroll-lock-4.0.0-beta.0.tgz",
      "integrity": "sha512-a7tP5+0Mw3YlUJcGAKUqIBkYYGlYxk2fnCasq/FUph1hadxlTRjF+gAcZksxANnaMnALjxEddmSi/H3OR8ugcQ==",
      "dev": true
    },
    "node_modules/csstype": {
      "version": "3.1.2",
      "resolved": "https://registry.npmjs.org/csstype/-/csstype-3.1.2.tgz",
      "integrity": "sha512-I7K1Uu0MBPzaFKg4nI5Q7Vs2t+3gWWW648spaF+Rg7pI9ds18Ugn+lvg4SHczUdKlHI5LWBXyqfS8+DufyBsgQ==",
      "dev": true
    },
    "node_modules/esbuild": {
      "version": "0.17.18",
      "resolved": "https://registry.npmjs.org/esbuild/-/esbuild-0.17.18.tgz",
      "integrity": "sha512-z1lix43jBs6UKjcZVKOw2xx69ffE2aG0PygLL5qJ9OS/gy0Ewd1gW/PUQIOIQGXBHWNywSc0floSKoMFF8aK2w==",
      "dev": true,
      "hasInstallScript": true,
      "bin": {
        "esbuild": "bin/esbuild"
      },
      "engines": {
        "node": ">=12"
      },
      "optionalDependencies": {
        "@esbuild/android-arm": "0.17.18",
        "@esbuild/android-arm64": "0.17.18",
        "@esbuild/android-x64": "0.17.18",
        "@esbuild/darwin-arm64": "0.17.18",
        "@esbuild/darwin-x64": "0.17.18",
        "@esbuild/freebsd-arm64": "0.17.18",
        "@esbuild/freebsd-x64": "0.17.18",
        "@esbuild/linux-arm": "0.17.18",
        "@esbuild/linux-arm64": "0.17.18",
        "@esbuild/linux-ia32": "0.17.18",
        "@esbuild/linux-loong64": "0.17.18",
        "@esbuild/linux-mips64el": "0.17.18",
        "@esbuild/linux-ppc64": "0.17.18",
        "@esbuild/linux-riscv64": "0.17.18",
        "@esbuild/linux-s390x": "0.17.18",
        "@esbuild/linux-x64": "0.17.18",
        "@esbuild/netbsd-x64": "0.17.18",
        "@esbuild/openbsd-x64": "0.17.18",
        "@esbuild/sunos-x64": "0.17.18",
        "@esbuild/win32-arm64": "0.17.18",
        "@esbuild/win32-ia32": "0.17.18",
        "@esbuild/win32-x64": "0.17.18"
      }
    },
    "node_modules/estree-walker": {
      "version": "2.0.2",
      "resolved": "https://registry.npmjs.org/estree-walker/-/estree-walker-2.0.2.tgz",
      "integrity": "sha512-Rfkk/Mp/DL7JVje3u18FxFujQlTNR2q6QfMSMB7AvCBx91NGj/ba3kCfza0f6dVDbw7YlRf/nDrn7pQrCCyQ/w==",
      "dev": true
    },
    "node_modules/fsevents": {
      "version": "2.3.2",
      "resolved": "https://registry.npmjs.org/fsevents/-/fsevents-2.3.2.tgz",
      "integrity": "sha512-xiqMQR4xAeHTuB9uWm+fFRcIOgKBMiOBP+eXiyT7jsgVCq1bkVygt00oASowB7EdtpOHaaPgKt812P9ab+DDKA==",
      "dev": true,
      "hasInstallScript": true,
      "optional": true,
      "os": [
        "darwin"
      ],
      "engines": {
        "node": "^8.16.0 || ^10.6.0 || >=11.0.0"
      }
    },
    "node_modules/jsonc-parser": {
      "version": "3.2.0",
      "resolved": "https://registry.npmjs.org/jsonc-parser/-/jsonc-parser-3.2.0.tgz",
      "integrity": "sha512-gfFQZrcTc8CnKXp6Y4/CBT3fTc0OVuDofpre4aEeEpSBPV5X5v4+Vmx+8snU7RLPrNHPKSgLxGo9YuQzz20o+w==",
      "dev": true
    },
    "node_modules/magic-string": {
      "version": "0.30.0",
      "resolved": "https://registry.npmjs.org/magic-string/-/magic-string-0.30.0.tgz",
      "integrity": "sha512-LA+31JYDJLs82r2ScLrlz1GjSgu66ZV518eyWT+S8VhyQn/JL0u9MeBOvQMGYiPk1DBiSN9DDMOcXvigJZaViQ==",
      "dev": true,
      "dependencies": {
        "@jridgewell/sourcemap-codec": "^1.4.13"
      },
      "engines": {
        "node": ">=12"
      }
    },
    "node_modules/mark.js": {
      "version": "8.11.1",
      "resolved": "https://registry.npmjs.org/mark.js/-/mark.js-8.11.1.tgz",
      "integrity": "sha512-1I+1qpDt4idfgLQG+BNWmrqku+7/2bi5nLf4YwF8y8zXvmfiTBY3PV3ZibfrjBueCByROpuBjLLFCajqkgYoLQ==",
      "dev": true
    },
    "node_modules/minisearch": {
      "version": "6.0.1",
      "resolved": "https://registry.npmjs.org/minisearch/-/minisearch-6.0.1.tgz",
      "integrity": "sha512-Ly1w0nHKnlhAAh6/BF/+9NgzXfoJxaJ8nhopFhQ3NcvFJrFIL+iCg9gw9e9UMBD+XIsp/RyznJ/o5UIe5Kw+kg==",
      "dev": true
    },
    "node_modules/nanoid": {
      "version": "3.3.6",
      "resolved": "https://registry.npmjs.org/nanoid/-/nanoid-3.3.6.tgz",
      "integrity": "sha512-BGcqMMJuToF7i1rt+2PWSNVnWIkGCU78jBG3RxO/bZlnZPK2Cmi2QaffxGO/2RvWi9sL+FAiRiXMgsyxQ1DIDA==",
      "dev": true,
      "funding": [
        {
          "type": "github",
          "url": "https://github.com/sponsors/ai"
        }
      ],
      "bin": {
        "nanoid": "bin/nanoid.cjs"
      },
      "engines": {
        "node": "^10 || ^12 || ^13.7 || ^14 || >=15.0.1"
      }
    },
    "node_modules/picocolors": {
      "version": "1.0.0",
      "resolved": "https://registry.npmjs.org/picocolors/-/picocolors-1.0.0.tgz",
      "integrity": "sha512-1fygroTLlHu66zi26VoTDv8yRgm0Fccecssto+MhsZ0D/DGW2sm8E8AjW7NU5VVTRt5GxbeZ5qBuJr+HyLYkjQ==",
      "dev": true
    },
    "node_modules/postcss": {
      "version": "8.4.23",
      "resolved": "https://registry.npmjs.org/postcss/-/postcss-8.4.23.tgz",
      "integrity": "sha512-bQ3qMcpF6A/YjR55xtoTr0jGOlnPOKAIMdOWiv0EIT6HVPEaJiJB4NLljSbiHoC2RX7DN5Uvjtpbg1NPdwv1oA==",
      "dev": true,
      "funding": [
        {
          "type": "opencollective",
          "url": "https://opencollective.com/postcss/"
        },
        {
          "type": "tidelift",
          "url": "https://tidelift.com/funding/github/npm/postcss"
        },
        {
          "type": "github",
          "url": "https://github.com/sponsors/ai"
        }
      ],
      "dependencies": {
        "nanoid": "^3.3.6",
        "picocolors": "^1.0.0",
        "source-map-js": "^1.0.2"
      },
      "engines": {
        "node": "^10 || ^12 || >=14"
      }
    },
    "node_modules/preact": {
      "version": "10.13.2",
      "resolved": "https://registry.npmjs.org/preact/-/preact-10.13.2.tgz",
      "integrity": "sha512-q44QFLhOhty2Bd0Y46fnYW0gD/cbVM9dUVtNTDKPcdXSMA7jfY+Jpd6rk3GB0lcQss0z5s/6CmVP0Z/hV+g6pw==",
      "dev": true,
      "funding": {
        "type": "opencollective",
        "url": "https://opencollective.com/preact"
      }
    },
    "node_modules/rollup": {
      "version": "3.21.6",
      "resolved": "https://registry.npmjs.org/rollup/-/rollup-3.21.6.tgz",
      "integrity": "sha512-SXIICxvxQxR3D4dp/3LDHZIJPC8a4anKMHd4E3Jiz2/JnY+2bEjqrOokAauc5ShGVNFHlEFjBXAXlaxkJqIqSg==",
      "dev": true,
      "bin": {
        "rollup": "dist/bin/rollup"
      },
      "engines": {
        "node": ">=14.18.0",
        "npm": ">=8.0.0"
      },
      "optionalDependencies": {
        "fsevents": "~2.3.2"
      }
    },
    "node_modules/shiki": {
      "version": "0.14.2",
      "resolved": "https://registry.npmjs.org/shiki/-/shiki-0.14.2.tgz",
      "integrity": "sha512-ltSZlSLOuSY0M0Y75KA+ieRaZ0Trf5Wl3gutE7jzLuIcWxLp5i/uEnLoQWNvgKXQ5OMpGkJnVMRLAuzjc0LJ2A==",
      "dev": true,
      "dependencies": {
        "ansi-sequence-parser": "^1.1.0",
        "jsonc-parser": "^3.2.0",
        "vscode-oniguruma": "^1.7.0",
        "vscode-textmate": "^8.0.0"
      }
    },
    "node_modules/source-map-js": {
      "version": "1.0.2",
      "resolved": "https://registry.npmjs.org/source-map-js/-/source-map-js-1.0.2.tgz",
      "integrity": "sha512-R0XvVJ9WusLiqTCEiGCmICCMplcCkIwwR11mOSD9CR5u+IXYdiseeEuXCVAjS54zqwkLcPNnmU4OeJ6tUrWhDw==",
      "dev": true,
      "engines": {
        "node": ">=0.10.0"
      }
    },
    "node_modules/vite": {
      "version": "4.3.5",
      "resolved": "https://registry.npmjs.org/vite/-/vite-4.3.5.tgz",
      "integrity": "sha512-0gEnL9wiRFxgz40o/i/eTBwm+NEbpUeTWhzKrZDSdKm6nplj+z4lKz8ANDgildxHm47Vg8EUia0aicKbawUVVA==",
      "dev": true,
      "dependencies": {
        "esbuild": "^0.17.5",
        "postcss": "^8.4.23",
        "rollup": "^3.21.0"
      },
      "bin": {
        "vite": "bin/vite.js"
      },
      "engines": {
        "node": "^14.18.0 || >=16.0.0"
      },
      "optionalDependencies": {
        "fsevents": "~2.3.2"
      },
      "peerDependencies": {
        "@types/node": ">= 14",
        "less": "*",
        "sass": "*",
        "stylus": "*",
        "sugarss": "*",
        "terser": "^5.4.0"
      },
      "peerDependenciesMeta": {
        "@types/node": {
          "optional": true
        },
        "less": {
          "optional": true
        },
        "sass": {
          "optional": true
        },
        "stylus": {
          "optional": true
        },
        "sugarss": {
          "optional": true
        },
        "terser": {
          "optional": true
        }
      }
    },
    "node_modules/vitepress": {
      "version": "1.0.0-alpha.75",
      "resolved": "https://registry.npmjs.org/vitepress/-/vitepress-1.0.0-alpha.75.tgz",
      "integrity": "sha512-twpPZ/6UnDR8X0Nmj767KwKhXlTQQM9V/J1i2BP9ryO29/w4hpxBfEum6nvfpNhJ4H3h+cIhwzAK/e9crZ6HEQ==",
      "dev": true,
      "dependencies": {
        "@docsearch/css": "^3.3.4",
        "@docsearch/js": "^3.3.4",
        "@vitejs/plugin-vue": "^4.2.1",
        "@vue/devtools-api": "^6.5.0",
        "@vueuse/core": "^10.1.0",
        "body-scroll-lock": "4.0.0-beta.0",
        "mark.js": "8.11.1",
        "minisearch": "^6.0.1",
        "shiki": "^0.14.2",
        "vite": "^4.3.3",
        "vue": "^3.2.47"
      },
      "bin": {
        "vitepress": "bin/vitepress.js"
      }
    },
    "node_modules/vscode-oniguruma": {
      "version": "1.7.0",
      "resolved": "https://registry.npmjs.org/vscode-oniguruma/-/vscode-oniguruma-1.7.0.tgz",
      "integrity": "sha512-L9WMGRfrjOhgHSdOYgCt/yRMsXzLDJSL7BPrOZt73gU0iWO4mpqzqQzOz5srxqTvMBaR0XZTSrVWo4j55Rc6cA==",
      "dev": true
    },
    "node_modules/vscode-textmate": {
      "version": "8.0.0",
      "resolved": "https://registry.npmjs.org/vscode-textmate/-/vscode-textmate-8.0.0.tgz",
      "integrity": "sha512-AFbieoL7a5LMqcnOF04ji+rpXadgOXnZsxQr//r83kLPr7biP7am3g9zbaZIaBGwBRWeSvoMD4mgPdX3e4NWBg==",
      "dev": true
    },
    "node_modules/vue": {
      "version": "3.3.1",
      "resolved": "https://registry.npmjs.org/vue/-/vue-3.3.1.tgz",
      "integrity": "sha512-3Rwy4I5idbPVSDZu6I+fFh6tdDSZbauImCTqLxE7y0LpHtiDvPeY01OI7RkFPbva1nk4hoO0sv/NzosH2h60sg==",
      "dev": true,
      "dependencies": {
        "@vue/compiler-dom": "3.3.1",
        "@vue/compiler-sfc": "3.3.1",
        "@vue/runtime-dom": "3.3.1",
        "@vue/server-renderer": "3.3.1",
        "@vue/shared": "3.3.1"
      }
    }
  }
}
